
Microsoft Visual Studio Solution File, Format Version 12.00
# Visual Studio 15
VisualStudioVersion = 15.0.28010.2046
MinimumVisualStudioVersion = 10.0.40219.1
Project("{9A19103F-16F7-4668-BE54-9A1E7A4F7556}") = "TenderApplicationBackend", "TenderApplicationBackend\TenderApplicationBackend.csproj", "{26537A94-FF31-4B93-8B49-AADC785E555A}"
EndProject
Project("{FAE04EC0-301F-11D3-BF4B-00C04F79EFBC}") = "XUnitTestProject1", "XUnitTestProject1\XUnitTestProject1.csproj", "{3AFA94F3-15B7-48BB-AF37-B8084923AAB0}"
EndProject
Global
	GlobalSection(SolutionConfigurationPlatforms) = preSolution
		Debug|Any CPU = Debug|Any CPU
		Release|Any CPU = Release|Any CPU
	EndGlobalSection
	GlobalSection(ProjectConfigurationPlatforms) = postSolution
		{26537A94-FF31-4B93-8B49-AADC785E555A}.Debug|Any CPU.ActiveCfg = Debug|Any CPU
		{26537A94-FF31-4B93-8B49-AADC785E555A}.Debug|Any CPU.Build.0 = Debug|Any CPU
		{26537A94-FF31-4B93-8B49-AADC785E555A}.Release|Any CPU.ActiveCfg = Release|Any CPU
		{26537A94-FF31-4B93-8B49-AADC785E555A}.Release|Any CPU.Build.0 = Release|Any CPU
		{3AFA94F3-15B7-48BB-AF37-B8084923AAB0}.Debug|Any CPU.ActiveCfg = Debug|Any CPU
		{3AFA94F3-15B7-48BB-AF37-B8084923AAB0}.Debug|Any CPU.Build.0 = Debug|Any CPU
		{3AFA94F3-15B7-48BB-AF37-B8084923AAB0}.Release|Any CPU.ActiveCfg = Release|Any CPU
		{3AFA94F3-15B7-48BB-AF37-B8084923AAB0}.Release|Any CPU.Build.0 = Release|Any CPU
	EndGlobalSection
	GlobalSection(SolutionProperties) = preSolution
		HideSolutionNode = FALSE
	EndGlobalSection
	GlobalSection(ExtensibilityGlobals) = postSolution
		SolutionGuid = {BE1ABD41-92F3-4051-A508-39F6B3DE092A}
	EndGlobalSection
EndGlobal
